
Microsoft Visual Studio Solution File, Format Version 12.00
# Visual Studio Version 16
VisualStudioVersion = 16.0.29613.14
MinimumVisualStudioVersion = 10.0.40219.1
Project("{9A19103F-16F7-4668-BE54-9A1E7A4F7556}") = "RestService", "RestService\RestService.csproj", "{4D25057E-6DEE-410C-AF82-6632F4EAB81A}"
EndProject
Project("{FAE04EC0-301F-11D3-BF4B-00C04F79EFBC}") = "MathParserService.DAL", "MathParserService.DAL\MathParserService.DAL.csproj", "{B2EA4C7A-126B-4509-A2DA-795EB53E8813}"
EndProject
Global
	GlobalSection(SolutionConfigurationPlatforms) = preSolution
		Debug|Any CPU = Debug|Any CPU
		Release|Any CPU = Release|Any CPU
	EndGlobalSection
	GlobalSection(ProjectConfigurationPlatforms) = postSolution
		{4D25057E-6DEE-410C-AF82-6632F4EAB81A}.Debug|Any CPU.ActiveCfg = Debug|Any CPU
		{4D25057E-6DEE-410C-AF82-6632F4EAB81A}.Debug|Any CPU.Build.0 = Debug|Any CPU
		{4D25057E-6DEE-410C-AF82-6632F4EAB81A}.Release|Any CPU.ActiveCfg = Release|Any CPU
		{4D25057E-6DEE-410C-AF82-6632F4EAB81A}.Release|Any CPU.Build.0 = Release|Any CPU
		{B2EA4C7A-126B-4509-A2DA-795EB53E8813}.Debug|Any CPU.ActiveCfg = Debug|Any CPU
		{B2EA4C7A-126B-4509-A2DA-795EB53E8813}.Debug|Any CPU.Build.0 = Debug|Any CPU
		{B2EA4C7A-126B-4509-A2DA-795EB53E8813}.Release|Any CPU.ActiveCfg = Release|Any CPU
		{B2EA4C7A-126B-4509-A2DA-795EB53E8813}.Release|Any CPU.Build.0 = Release|Any CPU
	EndGlobalSection
	GlobalSection(SolutionProperties) = preSolution
		HideSolutionNode = FALSE
	EndGlobalSection
	GlobalSection(ExtensibilityGlobals) = postSolution
		SolutionGuid = {DFE1F805-1D47-42A5-9EBB-00E627B32CF1}
	EndGlobalSection
EndGlobal
